{
  "name": "gepars",
  "version": "0.0.1alpha",
  "lockfileVersion": 1,
  "requires": true,
  "dependencies": {
    "gelex": {
      "version": "0.0.1",
      "resolved": "https://registry.npmjs.org/gelex/-/gelex-0.0.1.tgz",
      "integrity": "sha512-px+gG1kjZe4p1RLeXVTVDWtctFfMZtpX+xL56CtcZ8lzwAiLYAWNG/MvresWdJ+8CSJBK3EwZUPAypanAmN5aQ==",
      "dev": true
    }
  }
}
