{
  "name": "gepars",
  "version": "0.0.1alpha",
  "lockfileVersion": 1,
  "requires": true,
  "dependencies": {
    "gelex": {
      "version": "0.0.2",
      "resolved": "https://registry.npmjs.org/gelex/-/gelex-0.0.2.tgz",
      "integrity": "sha512-O4pC4EIH5sWpfi4aqGJVbhKl+Od19RSEGkEIn6WfP6tJxygAMX5QIk5V/H2fUmV52GcMbpQOZa8Z90kwg0j3WA==",
      "dev": true
    }
  }
}
